
Microsoft Visual Studio Solution File, Format Version 12.00
Project("{2150E333-8FDC-42A3-9474-1A3956D46DE8}") = "Modules", "Modules", "{FD10A1CD-609B-4CF4-8B6B-311851D63D10}"
EndProject
Project("{2150E333-8FDC-42A3-9474-1A3956D46DE8}") = "VeterinaryServices", "VeterinaryServices", "{8D20A026-CFFD-46F1-8563-77DD259047D9}"
EndProject
Project("{FAE04EC0-301F-11D3-BF4B-00C04F79EFBC}") = "VeterinaryServices.Domain", "VeterinaryServices.Domain\VeterinaryServices.Domain.csproj", "{9ED492E9-D262-451E-9594-E26C712C86B8}"
EndProject
Project("{FAE04EC0-301F-11D3-BF4B-00C04F79EFBC}") = "VeterinaryServices.Infrastructure", "VeterinaryServices.Infrastructure\VeterinaryServices.Infrastructure.csproj", "{76DADC61-EC00-41EC-BC4C-5CFDE409B410}"
EndProject
Project("{FAE04EC0-301F-11D3-BF4B-00C04F79EFBC}") = "VeterinaryServices.Application", "VeterinaryServices.Application\VeterinaryServices.Application.csproj", "{A5664B17-E084-43E5-B101-1C7A6936458F}"
EndProject
Project("{2150E333-8FDC-42A3-9474-1A3956D46DE8}") = "API", "API", "{DAD07778-BD42-40C0-8742-B5ECB40657B8}"
EndProject
Project("{FAE04EC0-301F-11D3-BF4B-00C04F79EFBC}") = "WebApi", "WebApi\WebApi.csproj", "{6138D2DC-E2B2-4FBF-94D2-A34EAC889CF8}"
EndProject
Project("{2150E333-8FDC-42A3-9474-1A3956D46DE8}") = "Tests", "Tests", "{99854489-6E6B-406F-B8DF-42B1C4E65DF4}"
EndProject
Project("{FAE04EC0-301F-11D3-BF4B-00C04F79EFBC}") = "VeterinaryServices.Domain.Tests", "VeterinaryServices.Domain.Tests\VeterinaryServices.Domain.Tests.csproj", "{061CBE51-E420-42C0-B0DE-EB5A62ABBD79}"
EndProject
Project("{FAE04EC0-301F-11D3-BF4B-00C04F79EFBC}") = "VeterinaryServices.Integration.Tests", "VeterinaryServices.Integration.Tests\VeterinaryServices.Integration.Tests.csproj", "{10D9EF6A-BB1B-4A9B-935E-E4D790F8EF39}"
EndProject
Global
	GlobalSection(SolutionConfigurationPlatforms) = preSolution
		Debug|Any CPU = Debug|Any CPU
		Release|Any CPU = Release|Any CPU
	EndGlobalSection
	GlobalSection(ProjectConfigurationPlatforms) = postSolution
		{9ED492E9-D262-451E-9594-E26C712C86B8}.Debug|Any CPU.ActiveCfg = Debug|Any CPU
		{9ED492E9-D262-451E-9594-E26C712C86B8}.Debug|Any CPU.Build.0 = Debug|Any CPU
		{76DADC61-EC00-41EC-BC4C-5CFDE409B410}.Debug|Any CPU.ActiveCfg = Debug|Any CPU
		{76DADC61-EC00-41EC-BC4C-5CFDE409B410}.Debug|Any CPU.Build.0 = Debug|Any CPU
		{76DADC61-EC00-41EC-BC4C-5CFDE409B410}.Release|Any CPU.ActiveCfg = Release|Any CPU
		{76DADC61-EC00-41EC-BC4C-5CFDE409B410}.Release|Any CPU.Build.0 = Release|Any CPU
		{A5664B17-E084-43E5-B101-1C7A6936458F}.Debug|Any CPU.ActiveCfg = Debug|Any CPU
		{A5664B17-E084-43E5-B101-1C7A6936458F}.Debug|Any CPU.Build.0 = Debug|Any CPU
		{A5664B17-E084-43E5-B101-1C7A6936458F}.Release|Any CPU.ActiveCfg = Release|Any CPU
		{A5664B17-E084-43E5-B101-1C7A6936458F}.Release|Any CPU.Build.0 = Release|Any CPU
		{6138D2DC-E2B2-4FBF-94D2-A34EAC889CF8}.Debug|Any CPU.ActiveCfg = Debug|Any CPU
		{6138D2DC-E2B2-4FBF-94D2-A34EAC889CF8}.Debug|Any CPU.Build.0 = Debug|Any CPU
		{6138D2DC-E2B2-4FBF-94D2-A34EAC889CF8}.Release|Any CPU.ActiveCfg = Release|Any CPU
		{6138D2DC-E2B2-4FBF-94D2-A34EAC889CF8}.Release|Any CPU.Build.0 = Release|Any CPU
		{061CBE51-E420-42C0-B0DE-EB5A62ABBD79}.Debug|Any CPU.ActiveCfg = Debug|Any CPU
		{061CBE51-E420-42C0-B0DE-EB5A62ABBD79}.Debug|Any CPU.Build.0 = Debug|Any CPU
		{061CBE51-E420-42C0-B0DE-EB5A62ABBD79}.Release|Any CPU.ActiveCfg = Release|Any CPU
		{061CBE51-E420-42C0-B0DE-EB5A62ABBD79}.Release|Any CPU.Build.0 = Release|Any CPU
		{10D9EF6A-BB1B-4A9B-935E-E4D790F8EF39}.Debug|Any CPU.ActiveCfg = Debug|Any CPU
		{10D9EF6A-BB1B-4A9B-935E-E4D790F8EF39}.Debug|Any CPU.Build.0 = Debug|Any CPU
		{10D9EF6A-BB1B-4A9B-935E-E4D790F8EF39}.Release|Any CPU.ActiveCfg = Release|Any CPU
		{10D9EF6A-BB1B-4A9B-935E-E4D790F8EF39}.Release|Any CPU.Build.0 = Release|Any CPU
	EndGlobalSection
	GlobalSection(NestedProjects) = preSolution
		{8D20A026-CFFD-46F1-8563-77DD259047D9} = {FD10A1CD-609B-4CF4-8B6B-311851D63D10}
		{9ED492E9-D262-451E-9594-E26C712C86B8} = {8D20A026-CFFD-46F1-8563-77DD259047D9}
		{76DADC61-EC00-41EC-BC4C-5CFDE409B410} = {8D20A026-CFFD-46F1-8563-77DD259047D9}
		{A5664B17-E084-43E5-B101-1C7A6936458F} = {8D20A026-CFFD-46F1-8563-77DD259047D9}
		{6138D2DC-E2B2-4FBF-94D2-A34EAC889CF8} = {DAD07778-BD42-40C0-8742-B5ECB40657B8}
		{061CBE51-E420-42C0-B0DE-EB5A62ABBD79} = {99854489-6E6B-406F-B8DF-42B1C4E65DF4}
		{10D9EF6A-BB1B-4A9B-935E-E4D790F8EF39} = {99854489-6E6B-406F-B8DF-42B1C4E65DF4}
	EndGlobalSection
EndGlobal
